
Microsoft Visual Studio Solution File, Format Version 12.00
# Visual Studio Version 17
VisualStudioVersion = 17.12.35527.113 d17.12
MinimumVisualStudioVersion = 10.0.40219.1
Project("{FAE04EC0-301F-11D3-BF4B-00C04F79EFBC}") = "SMART", "SMART\SMART.csproj", "{80A9FC1D-715A-489B-85F6-0BB748F154C8}"
EndProject
Project("{FAE04EC0-301F-11D3-BF4B-00C04F79EFBC}") = "SMART.Tests", "SMART.Tests\SMART.Tests.csproj", "{4C3EA83F-F2BA-428A-AFEB-FF02384C4A2A}"
EndProject
Global
	GlobalSection(SolutionConfigurationPlatforms) = preSolution
		Debug|Any CPU = Debug|Any CPU
		Release|Any CPU = Release|Any CPU
	EndGlobalSection
	GlobalSection(ProjectConfigurationPlatforms) = postSolution
		{80A9FC1D-715A-489B-85F6-0BB748F154C8}.Debug|Any CPU.ActiveCfg = Debug|Any CPU
		{80A9FC1D-715A-489B-85F6-0BB748F154C8}.Debug|Any CPU.Build.0 = Debug|Any CPU
		{80A9FC1D-715A-489B-85F6-0BB748F154C8}.Release|Any CPU.ActiveCfg = Release|Any CPU
		{80A9FC1D-715A-489B-85F6-0BB748F154C8}.Release|Any CPU.Build.0 = Release|Any CPU
		{4C3EA83F-F2BA-428A-AFEB-FF02384C4A2A}.Debug|Any CPU.ActiveCfg = Debug|Any CPU
		{4C3EA83F-F2BA-428A-AFEB-FF02384C4A2A}.Debug|Any CPU.Build.0 = Debug|Any CPU
		{4C3EA83F-F2BA-428A-AFEB-FF02384C4A2A}.Release|Any CPU.ActiveCfg = Release|Any CPU
		{4C3EA83F-F2BA-428A-AFEB-FF02384C4A2A}.Release|Any CPU.Build.0 = Release|Any CPU
	EndGlobalSection
	GlobalSection(SolutionProperties) = preSolution
		HideSolutionNode = FALSE
	EndGlobalSection
EndGlobal
